
Microsoft Visual Studio Solution File, Format Version 11.00
# Visual Studio 2010
Project("{FAE04EC0-301F-11D3-BF4B-00C04F79EFBC}") = "WindowsFormsApplication1", "WindowsFormsApplication1.csproj", "{B992F9F0-76FA-4E21-8566-FF7AAA65DF2A}"
EndProject
Global
	GlobalSection(SolutionConfigurationPlatforms) = preSolution
		Debug|Any CPU = Debug|Any CPU
		Release|Any CPU = Release|Any CPU
	EndGlobalSection
	GlobalSection(ProjectConfigurationPlatforms) = postSolution
		{B992F9F0-76FA-4E21-8566-FF7AAA65DF2A}.Debug|Any CPU.ActiveCfg = Debug|Any CPU
		{B992F9F0-76FA-4E21-8566-FF7AAA65DF2A}.Debug|Any CPU.Build.0 = Debug|Any CPU
		{B992F9F0-76FA-4E21-8566-FF7AAA65DF2A}.Release|Any CPU.ActiveCfg = Release|Any CPU
		{B992F9F0-76FA-4E21-8566-FF7AAA65DF2A}.Release|Any CPU.Build.0 = Release|Any CPU
	EndGlobalSection
	GlobalSection(MonoDevelopProperties) = preSolution
		StartupItem = WindowsFormsApplication1.csproj
	EndGlobalSection
EndGlobal
